<?xml version="1.0" encoding="utf-8"?>
<Project ToolsVersion="4.0" xmlns="http://schemas.microsoft.com/developer/msbuild/2003">
  <ItemGroup>
    <Filter Include="ソース ファイル">
      <UniqueIdentifier>{4FC737F1-C7A5-4376-A066-2A32D752A2FF}</UniqueIdentifier>
      <Extensions>cpp;c;cc;cxx;def;odl;idl;hpj;bat;asm;asmx</Extensions>
    </Filter>
    <Filter Include="ヘッダー ファイル">
      <UniqueIdentifier>{93995380-89BD-4b04-88EB-625FBE52EBFB}</UniqueIdentifier>
      <Extensions>h;hpp;hxx;hm;inl;inc;xsd</Extensions>
    </Filter>
    <Filter Include="リソース ファイル">
      <UniqueIdentifier>{67DA6AB6-F800-4c08-8B7A-83BB121AAD01}</UniqueIdentifier>
      <Extensions>rc;ico;cur;bmp;dlg;rc2;rct;bin;rgs;gif;jpg;jpeg;jpe;resx;tiff;tif;png;wav;mfcribbon-ms</Extensions>
    </Filter>
    <Filter Include="ヘッダー ファイル\Modules">
      <UniqueIdentifier>{17969f72-d7e8-42df-862f-434d83d145f1}</UniqueIdentifier>
    </Filter>
    <Filter Include="ヘッダー ファイル\Modules\Sensors">
      <UniqueIdentifier>{8e526179-c8ca-4947-a357-8868c1f3fb14}</UniqueIdentifier>
    </Filter>
    <Filter Include="ヘッダー ファイル\Modules\Controllers">
      <UniqueIdentifier>{27fbe0bb-5581-416f-b050-c8f66af1e8c5}</UniqueIdentifier>
    </Filter>
    <Filter Include="ヘッダー ファイル\Modules\Actuators">
      <UniqueIdentifier>{19799d22-c656-4d6b-8db7-55adede57d5b}</UniqueIdentifier>
    </Filter>
  </ItemGroup>
  <ItemGroup>
    <ClCompile Include="main.cpp">
      <Filter>ソース ファイル</Filter>
    </ClCompile>
    <ClCompile Include="DataInDirectoryInvestigator.cpp">
      <Filter>ソース ファイル</Filter>
    </ClCompile>
    <ClCompile Include="SAModule.cpp">
      <Filter>ソース ファイル</Filter>
    </ClCompile>
    <ClCompile Include="Logger.cpp">
      <Filter>ソース ファイル</Filter>
    </ClCompile>
    <ClCompile Include="Blackboard.cpp">
      <Filter>ソース ファイル</Filter>
    </ClCompile>
    <ClCompile Include="Robot.cpp">
      <Filter>ソース ファイル</Filter>
    </ClCompile>
    <ClCompile Include="Arbiter.cpp">
      <Filter>ソース ファイル</Filter>
    </ClCompile>
    <ClCompile Include="World.cpp">
      <Filter>ソース ファイル</Filter>
    </ClCompile>
    <ClCompile Include="RobotMAV.cpp">
      <Filter>ソース ファイル</Filter>
    </ClCompile>
    <ClCompile Include="Utilities.cpp">
      <Filter>ソース ファイル</Filter>
    </ClCompile>
    <ClCompile Include="ContExplore.cpp">
      <Filter>ソース ファイル</Filter>
    </ClCompile>
    <ClCompile Include="ContArbitrateDestination.cpp">
      <Filter>ソース ファイル</Filter>
    </ClCompile>
    <ClCompile Include="ContSmartAlive.cpp">
      <Filter>ソース ファイル</Filter>
    </ClCompile>
    <ClCompile Include="ContLinkToHQ.cpp">
      <Filter>ソース ファイル</Filter>
    </ClCompile>
  </ItemGroup>
  <ItemGroup>
    <ClInclude Include="SAModule.h">
      <Filter>ヘッダー ファイル</Filter>
    </ClInclude>
    <ClInclude Include="StochasticSelecter.hpp">
      <Filter>ヘッダー ファイル</Filter>
    </ClInclude>
    <ClInclude Include="Random.hpp">
      <Filter>ヘッダー ファイル</Filter>
    </ClInclude>
    <ClInclude Include="Modules.h">
      <Filter>ヘッダー ファイル\Modules</Filter>
    </ClInclude>
    <ClInclude Include="Constants.h">
      <Filter>ヘッダー ファイル</Filter>
    </ClInclude>
    <ClInclude Include="DataInDirectoryInvestigator.h">
      <Filter>ヘッダー ファイル</Filter>
    </ClInclude>
    <ClInclude Include="Robot.h">
      <Filter>ヘッダー ファイル</Filter>
    </ClInclude>
    <ClInclude Include="Blackboard.h">
      <Filter>ヘッダー ファイル</Filter>
    </ClInclude>
    <ClInclude Include="Arbiter.h">
      <Filter>ヘッダー ファイル</Filter>
    </ClInclude>
    <ClInclude Include="Logger.h">
      <Filter>ヘッダー ファイル</Filter>
    </ClInclude>
    <ClInclude Include="World.h">
      <Filter>ヘッダー ファイル</Filter>
    </ClInclude>
    <ClInclude Include="Sensors.h">
      <Filter>ヘッダー ファイル\Modules\Sensors</Filter>
    </ClInclude>
    <ClInclude Include="SenseRadiation.hpp">
      <Filter>ヘッダー ファイル\Modules\Sensors</Filter>
    </ClInclude>
    <ClInclude Include="SensePos.hpp">
      <Filter>ヘッダー ファイル\Modules\Sensors</Filter>
    </ClInclude>
    <ClInclude Include="ActPos.hpp">
      <Filter>ヘッダー ファイル\Modules\Actuators</Filter>
    </ClInclude>
    <ClInclude Include="Actuators.h">
      <Filter>ヘッダー ファイル\Modules\Actuators</Filter>
    </ClInclude>
    <ClInclude Include="Controllers.h">
      <Filter>ヘッダー ファイル\Modules\Controllers</Filter>
    </ClInclude>
    <ClInclude Include="RobotMAV.h">
      <Filter>ヘッダー ファイル</Filter>
    </ClInclude>
    <ClInclude Include="SenseBattery.hpp">
      <Filter>ヘッダー ファイル\Modules\Sensors</Filter>
    </ClInclude>
    <ClInclude Include="SenseNet.hpp">
      <Filter>ヘッダー ファイル\Modules\Sensors</Filter>
    </ClInclude>
    <ClInclude Include="ContAlive.hpp">
      <Filter>ヘッダー ファイル\Modules\Controllers</Filter>
    </ClInclude>
    <ClInclude Include="SenseRange.hpp">
      <Filter>ヘッダー ファイル\Modules\Sensors</Filter>
    </ClInclude>
    <ClInclude Include="ContAvoid.hpp">
      <Filter>ヘッダー ファイル\Modules\Controllers</Filter>
    </ClInclude>
    <ClInclude Include="ContWander.hpp">
      <Filter>ヘッダー ファイル\Modules\Controllers</Filter>
    </ClInclude>
    <ClInclude Include="main.h">
      <Filter>ヘッダー ファイル</Filter>
    </ClInclude>
    <ClInclude Include="Utilities.h">
      <Filter>ヘッダー ファイル</Filter>
    </ClInclude>
    <ClInclude Include="ContExplore.hpp">
      <Filter>ヘッダー ファイル\Modules\Controllers</Filter>
    </ClInclude>
    <ClInclude Include="ContConnect.hpp">
      <Filter>ヘッダー ファイル\Modules\Controllers</Filter>
    </ClInclude>
    <ClInclude Include="SenseDirection.hpp">
      <Filter>ヘッダー ファイル\Modules\Sensors</Filter>
    </ClInclude>
    <ClInclude Include="ContArbitrateDestination.hpp">
      <Filter>ヘッダー ファイル\Modules\Controllers</Filter>
    </ClInclude>
    <ClInclude Include="ContSmartAlive.hpp">
      <Filter>ヘッダー ファイル\Modules\Controllers</Filter>
    </ClInclude>
    <ClInclude Include="SenseBatteryCharger.hpp">
      <Filter>ヘッダー ファイル\Modules\Sensors</Filter>
    </ClInclude>
    <ClInclude Include="CistreamCSV.hpp">
      <Filter>ヘッダー ファイル</Filter>
    </ClInclude>
    <ClInclude Include="ContLinkToHQ.hpp">
      <Filter>ヘッダー ファイル\Modules\Controllers</Filter>
    </ClInclude>
  </ItemGroup>
</Project>